
Microsoft Visual Studio Solution File, Format Version 12.00
# Visual Studio Version 17
VisualStudioVersion = 17.4.33403.182
MinimumVisualStudioVersion = 10.0.40219.1
Project("{FAE04EC0-301F-11D3-BF4B-00C04F79EFBC}") = "4", "4.csproj", "{B573555B-6B78-4C32-8F3E-6DAD1BDAB743}"
EndProject
Global
	GlobalSection(SolutionConfigurationPlatforms) = preSolution
		Debug|Any CPU = Debug|Any CPU
		Release|Any CPU = Release|Any CPU
	EndGlobalSection
	GlobalSection(ProjectConfigurationPlatforms) = postSolution
		{B573555B-6B78-4C32-8F3E-6DAD1BDAB743}.Debug|Any CPU.ActiveCfg = Debug|Any CPU
		{B573555B-6B78-4C32-8F3E-6DAD1BDAB743}.Debug|Any CPU.Build.0 = Debug|Any CPU
		{B573555B-6B78-4C32-8F3E-6DAD1BDAB743}.Release|Any CPU.ActiveCfg = Release|Any CPU
		{B573555B-6B78-4C32-8F3E-6DAD1BDAB743}.Release|Any CPU.Build.0 = Release|Any CPU
	EndGlobalSection
	GlobalSection(SolutionProperties) = preSolution
		HideSolutionNode = FALSE
	EndGlobalSection
	GlobalSection(ExtensibilityGlobals) = postSolution
		SolutionGuid = {E8DCC7D6-687A-43CA-9DE4-A9419C56CEBE}
	EndGlobalSection
EndGlobal
